
Microsoft Visual Studio Solution File, Format Version 12.00
# Visual Studio Version 17
VisualStudioVersion = 17.8.34408.163
MinimumVisualStudioVersion = 10.0.40219.1
Project("{FAE04EC0-301F-11D3-BF4B-00C04F79EFBC}") = "WebApplication1", "WebApplication1\WebApplication1.csproj", "{290B3A5B-A6C6-41FD-B309-2572DCEFDBD6}"
EndProject
Global
	GlobalSection(SolutionConfigurationPlatforms) = preSolution
		Debug|Any CPU = Debug|Any CPU
		Release|Any CPU = Release|Any CPU
	EndGlobalSection
	GlobalSection(ProjectConfigurationPlatforms) = postSolution
		{290B3A5B-A6C6-41FD-B309-2572DCEFDBD6}.Debug|Any CPU.ActiveCfg = Debug|Any CPU
		{290B3A5B-A6C6-41FD-B309-2572DCEFDBD6}.Debug|Any CPU.Build.0 = Debug|Any CPU
		{290B3A5B-A6C6-41FD-B309-2572DCEFDBD6}.Release|Any CPU.ActiveCfg = Release|Any CPU
		{290B3A5B-A6C6-41FD-B309-2572DCEFDBD6}.Release|Any CPU.Build.0 = Release|Any CPU
	EndGlobalSection
	GlobalSection(SolutionProperties) = preSolution
		HideSolutionNode = FALSE
	EndGlobalSection
	GlobalSection(ExtensibilityGlobals) = postSolution
		SolutionGuid = {842911E1-270F-42F5-8046-0CF2D85CFD83}
	EndGlobalSection
EndGlobal
